
Microsoft Visual Studio Solution File, Format Version 12.00
# Visual Studio Version 16
VisualStudioVersion = 16.0.31205.134
MinimumVisualStudioVersion = 10.0.40219.1
Project("{9A19103F-16F7-4668-BE54-9A1E7A4F7556}") = "CryptExApi", "CryptExApi\CryptExApi.csproj", "{8CFCCC26-73CA-4EE3-82AB-85C79661E813}"
EndProject
Project("{2150E333-8FDC-42A3-9474-1A3956D46DE8}") = "Solution Items", "Solution Items", "{D83633FE-4285-49DF-A751-E1CB57F933FB}"
	ProjectSection(SolutionItems) = preProject
		.editorconfig = .editorconfig
	EndProjectSection
EndProject
Project("{FAE04EC0-301F-11D3-BF4B-00C04F79EFBC}") = "CryptExTests", "CryptExTests\CryptExTests.csproj", "{9B5C3C54-727A-4001-813B-2FAA19BB11B4}"
EndProject
Global
	GlobalSection(SolutionConfigurationPlatforms) = preSolution
		Debug|Any CPU = Debug|Any CPU
		Release|Any CPU = Release|Any CPU
	EndGlobalSection
	GlobalSection(ProjectConfigurationPlatforms) = postSolution
		{8CFCCC26-73CA-4EE3-82AB-85C79661E813}.Debug|Any CPU.ActiveCfg = Debug|Any CPU
		{8CFCCC26-73CA-4EE3-82AB-85C79661E813}.Debug|Any CPU.Build.0 = Debug|Any CPU
		{8CFCCC26-73CA-4EE3-82AB-85C79661E813}.Release|Any CPU.ActiveCfg = Release|Any CPU
		{8CFCCC26-73CA-4EE3-82AB-85C79661E813}.Release|Any CPU.Build.0 = Release|Any CPU
		{9B5C3C54-727A-4001-813B-2FAA19BB11B4}.Debug|Any CPU.ActiveCfg = Debug|Any CPU
		{9B5C3C54-727A-4001-813B-2FAA19BB11B4}.Debug|Any CPU.Build.0 = Debug|Any CPU
		{9B5C3C54-727A-4001-813B-2FAA19BB11B4}.Release|Any CPU.ActiveCfg = Release|Any CPU
		{9B5C3C54-727A-4001-813B-2FAA19BB11B4}.Release|Any CPU.Build.0 = Release|Any CPU
	EndGlobalSection
	GlobalSection(SolutionProperties) = preSolution
		HideSolutionNode = FALSE
	EndGlobalSection
	GlobalSection(ExtensibilityGlobals) = postSolution
		SolutionGuid = {2988581D-9E3C-42F5-BA6A-6C72A9DCAEA0}
	EndGlobalSection
EndGlobal
